
Microsoft Visual Studio Solution File, Format Version 12.00
# Visual Studio Version 16
VisualStudioVersion = 16.0.30011.22
MinimumVisualStudioVersion = 10.0.40219.1
Project("{FAE04EC0-301F-11D3-BF4B-00C04F79EFBC}") = "ChangeCurator.SDK", "src\ChangeCurator.SDK\ChangeCurator.SDK.csproj", "{7C0963D1-6018-4087-B014-128435FF805A}"
EndProject
Project("{FAE04EC0-301F-11D3-BF4B-00C04F79EFBC}") = "ChangeCurator.CLI", "src\ChangeCurator.CLI\ChangeCurator.CLI.csproj", "{995D3B9E-D702-4260-AA70-47BF5F6A5017}"
EndProject
Global
	GlobalSection(SolutionConfigurationPlatforms) = preSolution
		Debug|Any CPU = Debug|Any CPU
		Release|Any CPU = Release|Any CPU
	EndGlobalSection
	GlobalSection(ProjectConfigurationPlatforms) = postSolution
		{7C0963D1-6018-4087-B014-128435FF805A}.Debug|Any CPU.ActiveCfg = Debug|Any CPU
		{7C0963D1-6018-4087-B014-128435FF805A}.Debug|Any CPU.Build.0 = Debug|Any CPU
		{7C0963D1-6018-4087-B014-128435FF805A}.Release|Any CPU.ActiveCfg = Release|Any CPU
		{7C0963D1-6018-4087-B014-128435FF805A}.Release|Any CPU.Build.0 = Release|Any CPU
		{995D3B9E-D702-4260-AA70-47BF5F6A5017}.Debug|Any CPU.ActiveCfg = Debug|Any CPU
		{995D3B9E-D702-4260-AA70-47BF5F6A5017}.Debug|Any CPU.Build.0 = Debug|Any CPU
		{995D3B9E-D702-4260-AA70-47BF5F6A5017}.Release|Any CPU.ActiveCfg = Release|Any CPU
		{995D3B9E-D702-4260-AA70-47BF5F6A5017}.Release|Any CPU.Build.0 = Release|Any CPU
	EndGlobalSection
	GlobalSection(SolutionProperties) = preSolution
		HideSolutionNode = FALSE
	EndGlobalSection
	GlobalSection(ExtensibilityGlobals) = postSolution
		SolutionGuid = {FF562107-AB0A-43FA-91C1-57B53B6528C3}
	EndGlobalSection
EndGlobal
